
Microsoft Visual Studio Solution File, Format Version 12.00
# Visual Studio 15
VisualStudioVersion = 15.0.28010.2026
MinimumVisualStudioVersion = 10.0.40219.1
Project("{8BC9CEB8-8B4A-11D0-8D11-00A0C91BC942}") = "AustinRose_C867_Final", "AustinRose_C867_Final\AustinRose_C867_Final.vcxproj", "{19C4B478-7C59-454C-B4E7-A58290D2E6AE}"
EndProject
Global
	GlobalSection(SolutionConfigurationPlatforms) = preSolution
		Debug|x64 = Debug|x64
		Debug|x86 = Debug|x86
		Release|x64 = Release|x64
		Release|x86 = Release|x86
	EndGlobalSection
	GlobalSection(ProjectConfigurationPlatforms) = postSolution
		{19C4B478-7C59-454C-B4E7-A58290D2E6AE}.Debug|x64.ActiveCfg = Debug|x64
		{19C4B478-7C59-454C-B4E7-A58290D2E6AE}.Debug|x64.Build.0 = Debug|x64
		{19C4B478-7C59-454C-B4E7-A58290D2E6AE}.Debug|x86.ActiveCfg = Debug|Win32
		{19C4B478-7C59-454C-B4E7-A58290D2E6AE}.Debug|x86.Build.0 = Debug|Win32
		{19C4B478-7C59-454C-B4E7-A58290D2E6AE}.Release|x64.ActiveCfg = Release|x64
		{19C4B478-7C59-454C-B4E7-A58290D2E6AE}.Release|x64.Build.0 = Release|x64
		{19C4B478-7C59-454C-B4E7-A58290D2E6AE}.Release|x86.ActiveCfg = Release|Win32
		{19C4B478-7C59-454C-B4E7-A58290D2E6AE}.Release|x86.Build.0 = Release|Win32
	EndGlobalSection
	GlobalSection(SolutionProperties) = preSolution
		HideSolutionNode = FALSE
	EndGlobalSection
	GlobalSection(ExtensibilityGlobals) = postSolution
		SolutionGuid = {0F51A658-309D-45E5-87FE-F562786508D7}
	EndGlobalSection
EndGlobal
